
Microsoft Visual Studio Solution File, Format Version 12.00
# Visual Studio 14
VisualStudioVersion = 14.0.25420.1
MinimumVisualStudioVersion = 10.0.40219.1
Project("{FAE04EC0-301F-11D3-BF4B-00C04F79EFBC}") = "ContactsFP", "ContactsFP\ContactsFP\ContactsFP.csproj", "{F63B172E-74AB-4B5C-8A8F-73BF39FBACD6}"
EndProject
Project("{FAE04EC0-301F-11D3-BF4B-00C04F79EFBC}") = "ContactsFP.Droid", "ContactsFP\ContactsFP.Droid\ContactsFP.Droid.csproj", "{2733450E-E33D-4052-B6CD-D543842DADE6}"
EndProject
Project("{FAE04EC0-301F-11D3-BF4B-00C04F79EFBC}") = "ContactsFP.iOS", "ContactsFP\ContactsFP.iOS\ContactsFP.iOS.csproj", "{171427A8-94E3-4F5A-94A0-817849F7FB43}"
EndProject
Project("{FAE04EC0-301F-11D3-BF4B-00C04F79EFBC}") = "ContactsFP.WinPhone", "ContactsFP\ContactsFP.WinPhone\ContactsFP.WinPhone.csproj", "{2A92280B-D606-4DCE-84A3-8562FF683965}"
EndProject
Project("{FAE04EC0-301F-11D3-BF4B-00C04F79EFBC}") = "ContactsFP.UWP", "ContactsFP\ContactsFP.UWP\ContactsFP.UWP.csproj", "{7BF53A41-5A3D-47BE-8AD2-311F6477AABB}"
EndProject
Project("{FAE04EC0-301F-11D3-BF4B-00C04F79EFBC}") = "ContactsFP.Windows", "ContactsFP\ContactsFP.Windows\ContactsFP.Windows.csproj", "{D86CCEB2-30DB-41D8-A66D-E694B2CB0909}"
EndProject
Global
	GlobalSection(SolutionConfigurationPlatforms) = preSolution
		Ad-Hoc|Any CPU = Ad-Hoc|Any CPU
		Ad-Hoc|ARM = Ad-Hoc|ARM
		Ad-Hoc|iPhone = Ad-Hoc|iPhone
		Ad-Hoc|iPhoneSimulator = Ad-Hoc|iPhoneSimulator
		Ad-Hoc|x64 = Ad-Hoc|x64
		Ad-Hoc|x86 = Ad-Hoc|x86
		AppStore|Any CPU = AppStore|Any CPU
		AppStore|ARM = AppStore|ARM
		AppStore|iPhone = AppStore|iPhone
		AppStore|iPhoneSimulator = AppStore|iPhoneSimulator
		AppStore|x64 = AppStore|x64
		AppStore|x86 = AppStore|x86
		Debug|Any CPU = Debug|Any CPU
		Debug|ARM = Debug|ARM
		Debug|iPhone = Debug|iPhone
		Debug|iPhoneSimulator = Debug|iPhoneSimulator
		Debug|x64 = Debug|x64
		Debug|x86 = Debug|x86
		Release|Any CPU = Release|Any CPU
		Release|ARM = Release|ARM
		Release|iPhone = Release|iPhone
		Release|iPhoneSimulator = Release|iPhoneSimulator
		Release|x64 = Release|x64
		Release|x86 = Release|x86
	EndGlobalSection
	GlobalSection(ProjectConfigurationPlatforms) = postSolution
		{F63B172E-74AB-4B5C-8A8F-73BF39FBACD6}.Ad-Hoc|Any CPU.ActiveCfg = Release|Any CPU
		{F63B172E-74AB-4B5C-8A8F-73BF39FBACD6}.Ad-Hoc|Any CPU.Build.0 = Release|Any CPU
		{F63B172E-74AB-4B5C-8A8F-73BF39FBACD6}.Ad-Hoc|ARM.ActiveCfg = Release|Any CPU
		{F63B172E-74AB-4B5C-8A8F-73BF39FBACD6}.Ad-Hoc|ARM.Build.0 = Release|Any CPU
		{F63B172E-74AB-4B5C-8A8F-73BF39FBACD6}.Ad-Hoc|iPhone.ActiveCfg = Release|Any CPU
		{F63B172E-74AB-4B5C-8A8F-73BF39FBACD6}.Ad-Hoc|iPhone.Build.0 = Release|Any CPU
		{F63B172E-74AB-4B5C-8A8F-73BF39FBACD6}.Ad-Hoc|iPhoneSimulator.ActiveCfg = Release|Any CPU
		{F63B172E-74AB-4B5C-8A8F-73BF39FBACD6}.Ad-Hoc|iPhoneSimulator.Build.0 = Release|Any CPU
		{F63B172E-74AB-4B5C-8A8F-73BF39FBACD6}.Ad-Hoc|x64.ActiveCfg = Release|Any CPU
		{F63B172E-74AB-4B5C-8A8F-73BF39FBACD6}.Ad-Hoc|x64.Build.0 = Release|Any CPU
		{F63B172E-74AB-4B5C-8A8F-73BF39FBACD6}.Ad-Hoc|x86.ActiveCfg = Release|Any CPU
		{F63B172E-74AB-4B5C-8A8F-73BF39FBACD6}.Ad-Hoc|x86.Build.0 = Release|Any CPU
		{F63B172E-74AB-4B5C-8A8F-73BF39FBACD6}.AppStore|Any CPU.ActiveCfg = Release|Any CPU
		{F63B172E-74AB-4B5C-8A8F-73BF39FBACD6}.AppStore|Any CPU.Build.0 = Release|Any CPU
		{F63B172E-74AB-4B5C-8A8F-73BF39FBACD6}.AppStore|ARM.ActiveCfg = Release|Any CPU
		{F63B172E-74AB-4B5C-8A8F-73BF39FBACD6}.AppStore|ARM.Build.0 = Release|Any CPU
		{F63B172E-74AB-4B5C-8A8F-73BF39FBACD6}.AppStore|iPhone.ActiveCfg = Release|Any CPU
		{F63B172E-74AB-4B5C-8A8F-73BF39FBACD6}.AppStore|iPhone.Build.0 = Release|Any CPU
		{F63B172E-74AB-4B5C-8A8F-73BF39FBACD6}.AppStore|iPhoneSimulator.ActiveCfg = Release|Any CPU
		{F63B172E-74AB-4B5C-8A8F-73BF39FBACD6}.AppStore|iPhoneSimulator.Build.0 = Release|Any CPU
		{F63B172E-74AB-4B5C-8A8F-73BF39FBACD6}.AppStore|x64.ActiveCfg = Release|Any CPU
		{F63B172E-74AB-4B5C-8A8F-73BF39FBACD6}.AppStore|x64.Build.0 = Release|Any CPU
		{F63B172E-74AB-4B5C-8A8F-73BF39FBACD6}.AppStore|x86.ActiveCfg = Release|Any CPU
		{F63B172E-74AB-4B5C-8A8F-73BF39FBACD6}.AppStore|x86.Build.0 = Release|Any CPU
		{F63B172E-74AB-4B5C-8A8F-73BF39FBACD6}.Debug|Any CPU.ActiveCfg = Debug|Any CPU
		{F63B172E-74AB-4B5C-8A8F-73BF39FBACD6}.Debug|Any CPU.Build.0 = Debug|Any CPU
		{F63B172E-74AB-4B5C-8A8F-73BF39FBACD6}.Debug|ARM.ActiveCfg = Debug|Any CPU
		{F63B172E-74AB-4B5C-8A8F-73BF39FBACD6}.Debug|ARM.Build.0 = Debug|Any CPU
		{F63B172E-74AB-4B5C-8A8F-73BF39FBACD6}.Debug|iPhone.ActiveCfg = Debug|Any CPU
		{F63B172E-74AB-4B5C-8A8F-73BF39FBACD6}.Debug|iPhone.Build.0 = Debug|Any CPU
		{F63B172E-74AB-4B5C-8A8F-73BF39FBACD6}.Debug|iPhoneSimulator.ActiveCfg = Debug|Any CPU
		{F63B172E-74AB-4B5C-8A8F-73BF39FBACD6}.Debug|iPhoneSimulator.Build.0 = Debug|Any CPU
		{F63B172E-74AB-4B5C-8A8F-73BF39FBACD6}.Debug|x64.ActiveCfg = Debug|Any CPU
		{F63B172E-74AB-4B5C-8A8F-73BF39FBACD6}.Debug|x64.Build.0 = Debug|Any CPU
		{F63B172E-74AB-4B5C-8A8F-73BF39FBACD6}.Debug|x86.ActiveCfg = Debug|Any CPU
		{F63B172E-74AB-4B5C-8A8F-73BF39FBACD6}.Debug|x86.Build.0 = Debug|Any CPU
		{F63B172E-74AB-4B5C-8A8F-73BF39FBACD6}.Release|Any CPU.ActiveCfg = Release|Any CPU
		{F63B172E-74AB-4B5C-8A8F-73BF39FBACD6}.Release|Any CPU.Build.0 = Release|Any CPU
		{F63B172E-74AB-4B5C-8A8F-73BF39FBACD6}.Release|ARM.ActiveCfg = Release|Any CPU
		{F63B172E-74AB-4B5C-8A8F-73BF39FBACD6}.Release|ARM.Build.0 = Release|Any CPU
		{F63B172E-74AB-4B5C-8A8F-73BF39FBACD6}.Release|iPhone.ActiveCfg = Release|Any CPU
		{F63B172E-74AB-4B5C-8A8F-73BF39FBACD6}.Release|iPhone.Build.0 = Release|Any CPU
		{F63B172E-74AB-4B5C-8A8F-73BF39FBACD6}.Release|iPhoneSimulator.ActiveCfg = Release|Any CPU
		{F63B172E-74AB-4B5C-8A8F-73BF39FBACD6}.Release|iPhoneSimulator.Build.0 = Release|Any CPU
		{F63B172E-74AB-4B5C-8A8F-73BF39FBACD6}.Release|x64.ActiveCfg = Release|Any CPU
		{F63B172E-74AB-4B5C-8A8F-73BF39FBACD6}.Release|x64.Build.0 = Release|Any CPU
		{F63B172E-74AB-4B5C-8A8F-73BF39FBACD6}.Release|x86.ActiveCfg = Release|Any CPU
		{F63B172E-74AB-4B5C-8A8F-73BF39FBACD6}.Release|x86.Build.0 = Release|Any CPU
		{2733450E-E33D-4052-B6CD-D543842DADE6}.Ad-Hoc|Any CPU.ActiveCfg = Release|Any CPU
		{2733450E-E33D-4052-B6CD-D543842DADE6}.Ad-Hoc|Any CPU.Build.0 = Release|Any CPU
		{2733450E-E33D-4052-B6CD-D543842DADE6}.Ad-Hoc|Any CPU.Deploy.0 = Release|Any CPU
		{2733450E-E33D-4052-B6CD-D543842DADE6}.Ad-Hoc|ARM.ActiveCfg = Release|Any CPU
		{2733450E-E33D-4052-B6CD-D543842DADE6}.Ad-Hoc|ARM.Build.0 = Release|Any CPU
		{2733450E-E33D-4052-B6CD-D543842DADE6}.Ad-Hoc|ARM.Deploy.0 = Release|Any CPU
		{2733450E-E33D-4052-B6CD-D543842DADE6}.Ad-Hoc|iPhone.ActiveCfg = Release|Any CPU
		{2733450E-E33D-4052-B6CD-D543842DADE6}.Ad-Hoc|iPhone.Build.0 = Release|Any CPU
		{2733450E-E33D-4052-B6CD-D543842DADE6}.Ad-Hoc|iPhone.Deploy.0 = Release|Any CPU
		{2733450E-E33D-4052-B6CD-D543842DADE6}.Ad-Hoc|iPhoneSimulator.ActiveCfg = Release|Any CPU
		{2733450E-E33D-4052-B6CD-D543842DADE6}.Ad-Hoc|iPhoneSimulator.Build.0 = Release|Any CPU
		{2733450E-E33D-4052-B6CD-D543842DADE6}.Ad-Hoc|iPhoneSimulator.Deploy.0 = Release|Any CPU
		{2733450E-E33D-4052-B6CD-D543842DADE6}.Ad-Hoc|x64.ActiveCfg = Release|Any CPU
		{2733450E-E33D-4052-B6CD-D543842DADE6}.Ad-Hoc|x64.Build.0 = Release|Any CPU
		{2733450E-E33D-4052-B6CD-D543842DADE6}.Ad-Hoc|x64.Deploy.0 = Release|Any CPU
		{2733450E-E33D-4052-B6CD-D543842DADE6}.Ad-Hoc|x86.ActiveCfg = Release|Any CPU
		{2733450E-E33D-4052-B6CD-D543842DADE6}.Ad-Hoc|x86.Build.0 = Release|Any CPU
		{2733450E-E33D-4052-B6CD-D543842DADE6}.Ad-Hoc|x86.Deploy.0 = Release|Any CPU
		{2733450E-E33D-4052-B6CD-D543842DADE6}.AppStore|Any CPU.ActiveCfg = Release|Any CPU
		{2733450E-E33D-4052-B6CD-D543842DADE6}.AppStore|Any CPU.Build.0 = Release|Any CPU
		{2733450E-E33D-4052-B6CD-D543842DADE6}.AppStore|Any CPU.Deploy.0 = Release|Any CPU
		{2733450E-E33D-4052-B6CD-D543842DADE6}.AppStore|ARM.ActiveCfg = Release|Any CPU
		{2733450E-E33D-4052-B6CD-D543842DADE6}.AppStore|ARM.Build.0 = Release|Any CPU
		{2733450E-E33D-4052-B6CD-D543842DADE6}.AppStore|ARM.Deploy.0 = Release|Any CPU
		{2733450E-E33D-4052-B6CD-D543842DADE6}.AppStore|iPhone.ActiveCfg = Release|Any CPU
		{2733450E-E33D-4052-B6CD-D543842DADE6}.AppStore|iPhone.Build.0 = Release|Any CPU
		{2733450E-E33D-4052-B6CD-D543842DADE6}.AppStore|iPhone.Deploy.0 = Release|Any CPU
		{2733450E-E33D-4052-B6CD-D543842DADE6}.AppStore|iPhoneSimulator.ActiveCfg = Release|Any CPU
		{2733450E-E33D-4052-B6CD-D543842DADE6}.AppStore|iPhoneSimulator.Build.0 = Release|Any CPU
		{2733450E-E33D-4052-B6CD-D543842DADE6}.AppStore|iPhoneSimulator.Deploy.0 = Release|Any CPU
		{2733450E-E33D-4052-B6CD-D543842DADE6}.AppStore|x64.ActiveCfg = Release|Any CPU
		{2733450E-E33D-4052-B6CD-D543842DADE6}.AppStore|x64.Build.0 = Release|Any CPU
		{2733450E-E33D-4052-B6CD-D543842DADE6}.AppStore|x64.Deploy.0 = Release|Any CPU
		{2733450E-E33D-4052-B6CD-D543842DADE6}.AppStore|x86.ActiveCfg = Release|Any CPU
		{2733450E-E33D-4052-B6CD-D543842DADE6}.AppStore|x86.Build.0 = Release|Any CPU
		{2733450E-E33D-4052-B6CD-D543842DADE6}.AppStore|x86.Deploy.0 = Release|Any CPU
		{2733450E-E33D-4052-B6CD-D543842DADE6}.Debug|Any CPU.ActiveCfg = Debug|Any CPU
		{2733450E-E33D-4052-B6CD-D543842DADE6}.Debug|Any CPU.Build.0 = Debug|Any CPU
		{2733450E-E33D-4052-B6CD-D543842DADE6}.Debug|Any CPU.Deploy.0 = Debug|Any CPU
		{2733450E-E33D-4052-B6CD-D543842DADE6}.Debug|ARM.ActiveCfg = Debug|Any CPU
		{2733450E-E33D-4052-B6CD-D543842DADE6}.Debug|ARM.Build.0 = Debug|Any CPU
		{2733450E-E33D-4052-B6CD-D543842DADE6}.Debug|ARM.Deploy.0 = Debug|Any CPU
		{2733450E-E33D-4052-B6CD-D543842DADE6}.Debug|iPhone.ActiveCfg = Debug|Any CPU
		{2733450E-E33D-4052-B6CD-D543842DADE6}.Debug|iPhone.Build.0 = Debug|Any CPU
		{2733450E-E33D-4052-B6CD-D543842DADE6}.Debug|iPhone.Deploy.0 = Debug|Any CPU
		{2733450E-E33D-4052-B6CD-D543842DADE6}.Debug|iPhoneSimulator.ActiveCfg = Debug|Any CPU
		{2733450E-E33D-4052-B6CD-D543842DADE6}.Debug|iPhoneSimulator.Build.0 = Debug|Any CPU
		{2733450E-E33D-4052-B6CD-D543842DADE6}.Debug|iPhoneSimulator.Deploy.0 = Debug|Any CPU
		{2733450E-E33D-4052-B6CD-D543842DADE6}.Debug|x64.ActiveCfg = Debug|Any CPU
		{2733450E-E33D-4052-B6CD-D543842DADE6}.Debug|x64.Build.0 = Debug|Any CPU
		{2733450E-E33D-4052-B6CD-D543842DADE6}.Debug|x64.Deploy.0 = Debug|Any CPU
		{2733450E-E33D-4052-B6CD-D543842DADE6}.Debug|x86.ActiveCfg = Debug|Any CPU
		{2733450E-E33D-4052-B6CD-D543842DADE6}.Debug|x86.Build.0 = Debug|Any CPU
		{2733450E-E33D-4052-B6CD-D543842DADE6}.Debug|x86.Deploy.0 = Debug|Any CPU
		{2733450E-E33D-4052-B6CD-D543842DADE6}.Release|Any CPU.ActiveCfg = Release|Any CPU
		{2733450E-E33D-4052-B6CD-D543842DADE6}.Release|Any CPU.Build.0 = Release|Any CPU
		{2733450E-E33D-4052-B6CD-D543842DADE6}.Release|Any CPU.Deploy.0 = Release|Any CPU
		{2733450E-E33D-4052-B6CD-D543842DADE6}.Release|ARM.ActiveCfg = Release|Any CPU
		{2733450E-E33D-4052-B6CD-D543842DADE6}.Release|ARM.Build.0 = Release|Any CPU
		{2733450E-E33D-4052-B6CD-D543842DADE6}.Release|ARM.Deploy.0 = Release|Any CPU
		{2733450E-E33D-4052-B6CD-D543842DADE6}.Release|iPhone.ActiveCfg = Release|Any CPU
		{2733450E-E33D-4052-B6CD-D543842DADE6}.Release|iPhone.Build.0 = Release|Any CPU
		{2733450E-E33D-4052-B6CD-D543842DADE6}.Release|iPhone.Deploy.0 = Release|Any CPU
		{2733450E-E33D-4052-B6CD-D543842DADE6}.Release|iPhoneSimulator.ActiveCfg = Release|Any CPU
		{2733450E-E33D-4052-B6CD-D543842DADE6}.Release|iPhoneSimulator.Build.0 = Release|Any CPU
		{2733450E-E33D-4052-B6CD-D543842DADE6}.Release|iPhoneSimulator.Deploy.0 = Release|Any CPU
		{2733450E-E33D-4052-B6CD-D543842DADE6}.Release|x64.ActiveCfg = Release|Any CPU
		{2733450E-E33D-4052-B6CD-D543842DADE6}.Release|x64.Build.0 = Release|Any CPU
		{2733450E-E33D-4052-B6CD-D543842DADE6}.Release|x64.Deploy.0 = Release|Any CPU
		{2733450E-E33D-4052-B6CD-D543842DADE6}.Release|x86.ActiveCfg = Release|Any CPU
		{2733450E-E33D-4052-B6CD-D543842DADE6}.Release|x86.Build.0 = Release|Any CPU
		{2733450E-E33D-4052-B6CD-D543842DADE6}.Release|x86.Deploy.0 = Release|Any CPU
		{171427A8-94E3-4F5A-94A0-817849F7FB43}.Ad-Hoc|Any CPU.ActiveCfg = Ad-Hoc|iPhone
		{171427A8-94E3-4F5A-94A0-817849F7FB43}.Ad-Hoc|ARM.ActiveCfg = Ad-Hoc|iPhone
		{171427A8-94E3-4F5A-94A0-817849F7FB43}.Ad-Hoc|iPhone.ActiveCfg = Ad-Hoc|iPhone
		{171427A8-94E3-4F5A-94A0-817849F7FB43}.Ad-Hoc|iPhone.Build.0 = Ad-Hoc|iPhone
		{171427A8-94E3-4F5A-94A0-817849F7FB43}.Ad-Hoc|iPhoneSimulator.ActiveCfg = Ad-Hoc|iPhoneSimulator
		{171427A8-94E3-4F5A-94A0-817849F7FB43}.Ad-Hoc|iPhoneSimulator.Build.0 = Ad-Hoc|iPhoneSimulator
		{171427A8-94E3-4F5A-94A0-817849F7FB43}.Ad-Hoc|x64.ActiveCfg = Ad-Hoc|iPhone
		{171427A8-94E3-4F5A-94A0-817849F7FB43}.Ad-Hoc|x86.ActiveCfg = Ad-Hoc|iPhone
		{171427A8-94E3-4F5A-94A0-817849F7FB43}.AppStore|Any CPU.ActiveCfg = AppStore|iPhone
		{171427A8-94E3-4F5A-94A0-817849F7FB43}.AppStore|ARM.ActiveCfg = AppStore|iPhone
		{171427A8-94E3-4F5A-94A0-817849F7FB43}.AppStore|iPhone.ActiveCfg = AppStore|iPhone
		{171427A8-94E3-4F5A-94A0-817849F7FB43}.AppStore|iPhone.Build.0 = AppStore|iPhone
		{171427A8-94E3-4F5A-94A0-817849F7FB43}.AppStore|iPhoneSimulator.ActiveCfg = AppStore|iPhoneSimulator
		{171427A8-94E3-4F5A-94A0-817849F7FB43}.AppStore|iPhoneSimulator.Build.0 = AppStore|iPhoneSimulator
		{171427A8-94E3-4F5A-94A0-817849F7FB43}.AppStore|x64.ActiveCfg = AppStore|iPhone
		{171427A8-94E3-4F5A-94A0-817849F7FB43}.AppStore|x86.ActiveCfg = AppStore|iPhone
		{171427A8-94E3-4F5A-94A0-817849F7FB43}.Debug|Any CPU.ActiveCfg = Debug|iPhone
		{171427A8-94E3-4F5A-94A0-817849F7FB43}.Debug|ARM.ActiveCfg = Debug|iPhone
		{171427A8-94E3-4F5A-94A0-817849F7FB43}.Debug|iPhone.ActiveCfg = Debug|iPhone
		{171427A8-94E3-4F5A-94A0-817849F7FB43}.Debug|iPhone.Build.0 = Debug|iPhone
		{171427A8-94E3-4F5A-94A0-817849F7FB43}.Debug|iPhoneSimulator.ActiveCfg = Debug|iPhoneSimulator
		{171427A8-94E3-4F5A-94A0-817849F7FB43}.Debug|iPhoneSimulator.Build.0 = Debug|iPhoneSimulator
		{171427A8-94E3-4F5A-94A0-817849F7FB43}.Debug|x64.ActiveCfg = Debug|iPhone
		{171427A8-94E3-4F5A-94A0-817849F7FB43}.Debug|x86.ActiveCfg = Debug|iPhone
		{171427A8-94E3-4F5A-94A0-817849F7FB43}.Release|Any CPU.ActiveCfg = Release|iPhone
		{171427A8-94E3-4F5A-94A0-817849F7FB43}.Release|ARM.ActiveCfg = Release|iPhone
		{171427A8-94E3-4F5A-94A0-817849F7FB43}.Release|iPhone.ActiveCfg = Release|iPhone
		{171427A8-94E3-4F5A-94A0-817849F7FB43}.Release|iPhone.Build.0 = Release|iPhone
		{171427A8-94E3-4F5A-94A0-817849F7FB43}.Release|iPhoneSimulator.ActiveCfg = Release|iPhoneSimulator
		{171427A8-94E3-4F5A-94A0-817849F7FB43}.Release|iPhoneSimulator.Build.0 = Release|iPhoneSimulator
		{171427A8-94E3-4F5A-94A0-817849F7FB43}.Release|x64.ActiveCfg = Release|iPhone
		{171427A8-94E3-4F5A-94A0-817849F7FB43}.Release|x86.ActiveCfg = Release|iPhone
		{2A92280B-D606-4DCE-84A3-8562FF683965}.Ad-Hoc|Any CPU.ActiveCfg = Release|Any CPU
		{2A92280B-D606-4DCE-84A3-8562FF683965}.Ad-Hoc|Any CPU.Build.0 = Release|Any CPU
		{2A92280B-D606-4DCE-84A3-8562FF683965}.Ad-Hoc|Any CPU.Deploy.0 = Release|Any CPU
		{2A92280B-D606-4DCE-84A3-8562FF683965}.Ad-Hoc|ARM.ActiveCfg = Release|ARM
		{2A92280B-D606-4DCE-84A3-8562FF683965}.Ad-Hoc|ARM.Build.0 = Release|ARM
		{2A92280B-D606-4DCE-84A3-8562FF683965}.Ad-Hoc|ARM.Deploy.0 = Release|ARM
		{2A92280B-D606-4DCE-84A3-8562FF683965}.Ad-Hoc|iPhone.ActiveCfg = Release|Any CPU
		{2A92280B-D606-4DCE-84A3-8562FF683965}.Ad-Hoc|iPhone.Build.0 = Release|Any CPU
		{2A92280B-D606-4DCE-84A3-8562FF683965}.Ad-Hoc|iPhone.Deploy.0 = Release|Any CPU
		{2A92280B-D606-4DCE-84A3-8562FF683965}.Ad-Hoc|iPhoneSimulator.ActiveCfg = Release|Any CPU
		{2A92280B-D606-4DCE-84A3-8562FF683965}.Ad-Hoc|iPhoneSimulator.Build.0 = Release|Any CPU
		{2A92280B-D606-4DCE-84A3-8562FF683965}.Ad-Hoc|iPhoneSimulator.Deploy.0 = Release|Any CPU
		{2A92280B-D606-4DCE-84A3-8562FF683965}.Ad-Hoc|x64.ActiveCfg = Release|Any CPU
		{2A92280B-D606-4DCE-84A3-8562FF683965}.Ad-Hoc|x64.Build.0 = Release|Any CPU
		{2A92280B-D606-4DCE-84A3-8562FF683965}.Ad-Hoc|x64.Deploy.0 = Release|Any CPU
		{2A92280B-D606-4DCE-84A3-8562FF683965}.Ad-Hoc|x86.ActiveCfg = Release|x86
		{2A92280B-D606-4DCE-84A3-8562FF683965}.Ad-Hoc|x86.Build.0 = Release|x86
		{2A92280B-D606-4DCE-84A3-8562FF683965}.Ad-Hoc|x86.Deploy.0 = Release|x86
		{2A92280B-D606-4DCE-84A3-8562FF683965}.AppStore|Any CPU.ActiveCfg = Release|Any CPU
		{2A92280B-D606-4DCE-84A3-8562FF683965}.AppStore|Any CPU.Build.0 = Release|Any CPU
		{2A92280B-D606-4DCE-84A3-8562FF683965}.AppStore|Any CPU.Deploy.0 = Release|Any CPU
		{2A92280B-D606-4DCE-84A3-8562FF683965}.AppStore|ARM.ActiveCfg = Release|ARM
		{2A92280B-D606-4DCE-84A3-8562FF683965}.AppStore|ARM.Build.0 = Release|ARM
		{2A92280B-D606-4DCE-84A3-8562FF683965}.AppStore|ARM.Deploy.0 = Release|ARM
		{2A92280B-D606-4DCE-84A3-8562FF683965}.AppStore|iPhone.ActiveCfg = Release|Any CPU
		{2A92280B-D606-4DCE-84A3-8562FF683965}.AppStore|iPhone.Build.0 = Release|Any CPU
		{2A92280B-D606-4DCE-84A3-8562FF683965}.AppStore|iPhone.Deploy.0 = Release|Any CPU
		{2A92280B-D606-4DCE-84A3-8562FF683965}.AppStore|iPhoneSimulator.ActiveCfg = Release|Any CPU
		{2A92280B-D606-4DCE-84A3-8562FF683965}.AppStore|iPhoneSimulator.Build.0 = Release|Any CPU
		{2A92280B-D606-4DCE-84A3-8562FF683965}.AppStore|iPhoneSimulator.Deploy.0 = Release|Any CPU
		{2A92280B-D606-4DCE-84A3-8562FF683965}.AppStore|x64.ActiveCfg = Release|Any CPU
		{2A92280B-D606-4DCE-84A3-8562FF683965}.AppStore|x64.Build.0 = Release|Any CPU
		{2A92280B-D606-4DCE-84A3-8562FF683965}.AppStore|x64.Deploy.0 = Release|Any CPU
		{2A92280B-D606-4DCE-84A3-8562FF683965}.AppStore|x86.ActiveCfg = Release|x86
		{2A92280B-D606-4DCE-84A3-8562FF683965}.AppStore|x86.Build.0 = Release|x86
		{2A92280B-D606-4DCE-84A3-8562FF683965}.AppStore|x86.Deploy.0 = Release|x86
		{2A92280B-D606-4DCE-84A3-8562FF683965}.Debug|Any CPU.ActiveCfg = Debug|Any CPU
		{2A92280B-D606-4DCE-84A3-8562FF683965}.Debug|Any CPU.Build.0 = Debug|Any CPU
		{2A92280B-D606-4DCE-84A3-8562FF683965}.Debug|Any CPU.Deploy.0 = Debug|Any CPU
		{2A92280B-D606-4DCE-84A3-8562FF683965}.Debug|ARM.ActiveCfg = Debug|ARM
		{2A92280B-D606-4DCE-84A3-8562FF683965}.Debug|ARM.Build.0 = Debug|ARM
		{2A92280B-D606-4DCE-84A3-8562FF683965}.Debug|ARM.Deploy.0 = Debug|ARM
		{2A92280B-D606-4DCE-84A3-8562FF683965}.Debug|iPhone.ActiveCfg = Debug|Any CPU
		{2A92280B-D606-4DCE-84A3-8562FF683965}.Debug|iPhone.Build.0 = Debug|Any CPU
		{2A92280B-D606-4DCE-84A3-8562FF683965}.Debug|iPhone.Deploy.0 = Debug|Any CPU
		{2A92280B-D606-4DCE-84A3-8562FF683965}.Debug|iPhoneSimulator.ActiveCfg = Debug|Any CPU
		{2A92280B-D606-4DCE-84A3-8562FF683965}.Debug|iPhoneSimulator.Build.0 = Debug|Any CPU
		{2A92280B-D606-4DCE-84A3-8562FF683965}.Debug|iPhoneSimulator.Deploy.0 = Debug|Any CPU
		{2A92280B-D606-4DCE-84A3-8562FF683965}.Debug|x64.ActiveCfg = Debug|Any CPU
		{2A92280B-D606-4DCE-84A3-8562FF683965}.Debug|x64.Build.0 = Debug|Any CPU
		{2A92280B-D606-4DCE-84A3-8562FF683965}.Debug|x64.Deploy.0 = Debug|Any CPU
		{2A92280B-D606-4DCE-84A3-8562FF683965}.Debug|x86.ActiveCfg = Debug|x86
		{2A92280B-D606-4DCE-84A3-8562FF683965}.Debug|x86.Build.0 = Debug|x86
		{2A92280B-D606-4DCE-84A3-8562FF683965}.Debug|x86.Deploy.0 = Debug|x86
		{2A92280B-D606-4DCE-84A3-8562FF683965}.Release|Any CPU.ActiveCfg = Release|Any CPU
		{2A92280B-D606-4DCE-84A3-8562FF683965}.Release|Any CPU.Build.0 = Release|Any CPU
		{2A92280B-D606-4DCE-84A3-8562FF683965}.Release|Any CPU.Deploy.0 = Release|Any CPU
		{2A92280B-D606-4DCE-84A3-8562FF683965}.Release|ARM.ActiveCfg = Release|ARM
		{2A92280B-D606-4DCE-84A3-8562FF683965}.Release|ARM.Build.0 = Release|ARM
		{2A92280B-D606-4DCE-84A3-8562FF683965}.Release|ARM.Deploy.0 = Release|ARM
		{2A92280B-D606-4DCE-84A3-8562FF683965}.Release|iPhone.ActiveCfg = Release|Any CPU
		{2A92280B-D606-4DCE-84A3-8562FF683965}.Release|iPhone.Build.0 = Release|Any CPU
		{2A92280B-D606-4DCE-84A3-8562FF683965}.Release|iPhone.Deploy.0 = Release|Any CPU
		{2A92280B-D606-4DCE-84A3-8562FF683965}.Release|iPhoneSimulator.ActiveCfg = Release|Any CPU
		{2A92280B-D606-4DCE-84A3-8562FF683965}.Release|iPhoneSimulator.Build.0 = Release|Any CPU
		{2A92280B-D606-4DCE-84A3-8562FF683965}.Release|iPhoneSimulator.Deploy.0 = Release|Any CPU
		{2A92280B-D606-4DCE-84A3-8562FF683965}.Release|x64.ActiveCfg = Release|Any CPU
		{2A92280B-D606-4DCE-84A3-8562FF683965}.Release|x64.Build.0 = Release|Any CPU
		{2A92280B-D606-4DCE-84A3-8562FF683965}.Release|x64.Deploy.0 = Release|Any CPU
		{2A92280B-D606-4DCE-84A3-8562FF683965}.Release|x86.ActiveCfg = Release|x86
		{2A92280B-D606-4DCE-84A3-8562FF683965}.Release|x86.Build.0 = Release|x86
		{2A92280B-D606-4DCE-84A3-8562FF683965}.Release|x86.Deploy.0 = Release|x86
		{7BF53A41-5A3D-47BE-8AD2-311F6477AABB}.Ad-Hoc|Any CPU.ActiveCfg = Release|x86
		{7BF53A41-5A3D-47BE-8AD2-311F6477AABB}.Ad-Hoc|Any CPU.Build.0 = Release|x86
		{7BF53A41-5A3D-47BE-8AD2-311F6477AABB}.Ad-Hoc|Any CPU.Deploy.0 = Release|x86
		{7BF53A41-5A3D-47BE-8AD2-311F6477AABB}.Ad-Hoc|ARM.ActiveCfg = Release|ARM
		{7BF53A41-5A3D-47BE-8AD2-311F6477AABB}.Ad-Hoc|ARM.Build.0 = Release|ARM
		{7BF53A41-5A3D-47BE-8AD2-311F6477AABB}.Ad-Hoc|ARM.Deploy.0 = Release|ARM
		{7BF53A41-5A3D-47BE-8AD2-311F6477AABB}.Ad-Hoc|iPhone.ActiveCfg = Release|x86
		{7BF53A41-5A3D-47BE-8AD2-311F6477AABB}.Ad-Hoc|iPhone.Build.0 = Release|x86
		{7BF53A41-5A3D-47BE-8AD2-311F6477AABB}.Ad-Hoc|iPhone.Deploy.0 = Release|x86
		{7BF53A41-5A3D-47BE-8AD2-311F6477AABB}.Ad-Hoc|iPhoneSimulator.ActiveCfg = Release|x86
		{7BF53A41-5A3D-47BE-8AD2-311F6477AABB}.Ad-Hoc|iPhoneSimulator.Build.0 = Release|x86
		{7BF53A41-5A3D-47BE-8AD2-311F6477AABB}.Ad-Hoc|iPhoneSimulator.Deploy.0 = Release|x86
		{7BF53A41-5A3D-47BE-8AD2-311F6477AABB}.Ad-Hoc|x64.ActiveCfg = Release|x64
		{7BF53A41-5A3D-47BE-8AD2-311F6477AABB}.Ad-Hoc|x64.Build.0 = Release|x64
		{7BF53A41-5A3D-47BE-8AD2-311F6477AABB}.Ad-Hoc|x64.Deploy.0 = Release|x64
		{7BF53A41-5A3D-47BE-8AD2-311F6477AABB}.Ad-Hoc|x86.ActiveCfg = Release|x86
		{7BF53A41-5A3D-47BE-8AD2-311F6477AABB}.Ad-Hoc|x86.Build.0 = Release|x86
		{7BF53A41-5A3D-47BE-8AD2-311F6477AABB}.Ad-Hoc|x86.Deploy.0 = Release|x86
		{7BF53A41-5A3D-47BE-8AD2-311F6477AABB}.AppStore|Any CPU.ActiveCfg = Release|x86
		{7BF53A41-5A3D-47BE-8AD2-311F6477AABB}.AppStore|Any CPU.Build.0 = Release|x86
		{7BF53A41-5A3D-47BE-8AD2-311F6477AABB}.AppStore|Any CPU.Deploy.0 = Release|x86
		{7BF53A41-5A3D-47BE-8AD2-311F6477AABB}.AppStore|ARM.ActiveCfg = Release|ARM
		{7BF53A41-5A3D-47BE-8AD2-311F6477AABB}.AppStore|ARM.Build.0 = Release|ARM
		{7BF53A41-5A3D-47BE-8AD2-311F6477AABB}.AppStore|ARM.Deploy.0 = Release|ARM
		{7BF53A41-5A3D-47BE-8AD2-311F6477AABB}.AppStore|iPhone.ActiveCfg = Release|x86
		{7BF53A41-5A3D-47BE-8AD2-311F6477AABB}.AppStore|iPhone.Build.0 = Release|x86
		{7BF53A41-5A3D-47BE-8AD2-311F6477AABB}.AppStore|iPhone.Deploy.0 = Release|x86
		{7BF53A41-5A3D-47BE-8AD2-311F6477AABB}.AppStore|iPhoneSimulator.ActiveCfg = Release|x86
		{7BF53A41-5A3D-47BE-8AD2-311F6477AABB}.AppStore|iPhoneSimulator.Build.0 = Release|x86
		{7BF53A41-5A3D-47BE-8AD2-311F6477AABB}.AppStore|iPhoneSimulator.Deploy.0 = Release|x86
		{7BF53A41-5A3D-47BE-8AD2-311F6477AABB}.AppStore|x64.ActiveCfg = Release|x64
		{7BF53A41-5A3D-47BE-8AD2-311F6477AABB}.AppStore|x64.Build.0 = Release|x64
		{7BF53A41-5A3D-47BE-8AD2-311F6477AABB}.AppStore|x64.Deploy.0 = Release|x64
		{7BF53A41-5A3D-47BE-8AD2-311F6477AABB}.AppStore|x86.ActiveCfg = Release|x86
		{7BF53A41-5A3D-47BE-8AD2-311F6477AABB}.AppStore|x86.Build.0 = Release|x86
		{7BF53A41-5A3D-47BE-8AD2-311F6477AABB}.AppStore|x86.Deploy.0 = Release|x86
		{7BF53A41-5A3D-47BE-8AD2-311F6477AABB}.Debug|Any CPU.ActiveCfg = Debug|x86
		{7BF53A41-5A3D-47BE-8AD2-311F6477AABB}.Debug|ARM.ActiveCfg = Debug|ARM
		{7BF53A41-5A3D-47BE-8AD2-311F6477AABB}.Debug|ARM.Build.0 = Debug|ARM
		{7BF53A41-5A3D-47BE-8AD2-311F6477AABB}.Debug|ARM.Deploy.0 = Debug|ARM
		{7BF53A41-5A3D-47BE-8AD2-311F6477AABB}.Debug|iPhone.ActiveCfg = Debug|x86
		{7BF53A41-5A3D-47BE-8AD2-311F6477AABB}.Debug|iPhoneSimulator.ActiveCfg = Debug|x86
		{7BF53A41-5A3D-47BE-8AD2-311F6477AABB}.Debug|x64.ActiveCfg = Debug|x64
		{7BF53A41-5A3D-47BE-8AD2-311F6477AABB}.Debug|x64.Build.0 = Debug|x64
		{7BF53A41-5A3D-47BE-8AD2-311F6477AABB}.Debug|x64.Deploy.0 = Debug|x64
		{7BF53A41-5A3D-47BE-8AD2-311F6477AABB}.Debug|x86.ActiveCfg = Debug|x86
		{7BF53A41-5A3D-47BE-8AD2-311F6477AABB}.Debug|x86.Build.0 = Debug|x86
		{7BF53A41-5A3D-47BE-8AD2-311F6477AABB}.Debug|x86.Deploy.0 = Debug|x86
		{7BF53A41-5A3D-47BE-8AD2-311F6477AABB}.Release|Any CPU.ActiveCfg = Release|x86
		{7BF53A41-5A3D-47BE-8AD2-311F6477AABB}.Release|ARM.ActiveCfg = Release|ARM
		{7BF53A41-5A3D-47BE-8AD2-311F6477AABB}.Release|ARM.Build.0 = Release|ARM
		{7BF53A41-5A3D-47BE-8AD2-311F6477AABB}.Release|ARM.Deploy.0 = Release|ARM
		{7BF53A41-5A3D-47BE-8AD2-311F6477AABB}.Release|iPhone.ActiveCfg = Release|x86
		{7BF53A41-5A3D-47BE-8AD2-311F6477AABB}.Release|iPhoneSimulator.ActiveCfg = Release|x86
		{7BF53A41-5A3D-47BE-8AD2-311F6477AABB}.Release|x64.ActiveCfg = Release|x64
		{7BF53A41-5A3D-47BE-8AD2-311F6477AABB}.Release|x64.Build.0 = Release|x64
		{7BF53A41-5A3D-47BE-8AD2-311F6477AABB}.Release|x64.Deploy.0 = Release|x64
		{7BF53A41-5A3D-47BE-8AD2-311F6477AABB}.Release|x86.ActiveCfg = Release|x86
		{7BF53A41-5A3D-47BE-8AD2-311F6477AABB}.Release|x86.Build.0 = Release|x86
		{7BF53A41-5A3D-47BE-8AD2-311F6477AABB}.Release|x86.Deploy.0 = Release|x86
		{D86CCEB2-30DB-41D8-A66D-E694B2CB0909}.Ad-Hoc|Any CPU.ActiveCfg = Release|Any CPU
		{D86CCEB2-30DB-41D8-A66D-E694B2CB0909}.Ad-Hoc|Any CPU.Build.0 = Release|Any CPU
		{D86CCEB2-30DB-41D8-A66D-E694B2CB0909}.Ad-Hoc|Any CPU.Deploy.0 = Release|Any CPU
		{D86CCEB2-30DB-41D8-A66D-E694B2CB0909}.Ad-Hoc|ARM.ActiveCfg = Release|ARM
		{D86CCEB2-30DB-41D8-A66D-E694B2CB0909}.Ad-Hoc|ARM.Build.0 = Release|ARM
		{D86CCEB2-30DB-41D8-A66D-E694B2CB0909}.Ad-Hoc|ARM.Deploy.0 = Release|ARM
		{D86CCEB2-30DB-41D8-A66D-E694B2CB0909}.Ad-Hoc|iPhone.ActiveCfg = Release|Any CPU
		{D86CCEB2-30DB-41D8-A66D-E694B2CB0909}.Ad-Hoc|iPhone.Build.0 = Release|Any CPU
		{D86CCEB2-30DB-41D8-A66D-E694B2CB0909}.Ad-Hoc|iPhone.Deploy.0 = Release|Any CPU
		{D86CCEB2-30DB-41D8-A66D-E694B2CB0909}.Ad-Hoc|iPhoneSimulator.ActiveCfg = Release|Any CPU
		{D86CCEB2-30DB-41D8-A66D-E694B2CB0909}.Ad-Hoc|iPhoneSimulator.Build.0 = Release|Any CPU
		{D86CCEB2-30DB-41D8-A66D-E694B2CB0909}.Ad-Hoc|iPhoneSimulator.Deploy.0 = Release|Any CPU
		{D86CCEB2-30DB-41D8-A66D-E694B2CB0909}.Ad-Hoc|x64.ActiveCfg = Release|x64
		{D86CCEB2-30DB-41D8-A66D-E694B2CB0909}.Ad-Hoc|x64.Build.0 = Release|x64
		{D86CCEB2-30DB-41D8-A66D-E694B2CB0909}.Ad-Hoc|x64.Deploy.0 = Release|x64
		{D86CCEB2-30DB-41D8-A66D-E694B2CB0909}.Ad-Hoc|x86.ActiveCfg = Release|x86
		{D86CCEB2-30DB-41D8-A66D-E694B2CB0909}.Ad-Hoc|x86.Build.0 = Release|x86
		{D86CCEB2-30DB-41D8-A66D-E694B2CB0909}.Ad-Hoc|x86.Deploy.0 = Release|x86
		{D86CCEB2-30DB-41D8-A66D-E694B2CB0909}.AppStore|Any CPU.ActiveCfg = Release|Any CPU
		{D86CCEB2-30DB-41D8-A66D-E694B2CB0909}.AppStore|Any CPU.Build.0 = Release|Any CPU
		{D86CCEB2-30DB-41D8-A66D-E694B2CB0909}.AppStore|Any CPU.Deploy.0 = Release|Any CPU
		{D86CCEB2-30DB-41D8-A66D-E694B2CB0909}.AppStore|ARM.ActiveCfg = Release|ARM
		{D86CCEB2-30DB-41D8-A66D-E694B2CB0909}.AppStore|ARM.Build.0 = Release|ARM
		{D86CCEB2-30DB-41D8-A66D-E694B2CB0909}.AppStore|ARM.Deploy.0 = Release|ARM
		{D86CCEB2-30DB-41D8-A66D-E694B2CB0909}.AppStore|iPhone.ActiveCfg = Release|Any CPU
		{D86CCEB2-30DB-41D8-A66D-E694B2CB0909}.AppStore|iPhone.Build.0 = Release|Any CPU
		{D86CCEB2-30DB-41D8-A66D-E694B2CB0909}.AppStore|iPhone.Deploy.0 = Release|Any CPU
		{D86CCEB2-30DB-41D8-A66D-E694B2CB0909}.AppStore|iPhoneSimulator.ActiveCfg = Release|Any CPU
		{D86CCEB2-30DB-41D8-A66D-E694B2CB0909}.AppStore|iPhoneSimulator.Build.0 = Release|Any CPU
		{D86CCEB2-30DB-41D8-A66D-E694B2CB0909}.AppStore|iPhoneSimulator.Deploy.0 = Release|Any CPU
		{D86CCEB2-30DB-41D8-A66D-E694B2CB0909}.AppStore|x64.ActiveCfg = Release|x64
		{D86CCEB2-30DB-41D8-A66D-E694B2CB0909}.AppStore|x64.Build.0 = Release|x64
		{D86CCEB2-30DB-41D8-A66D-E694B2CB0909}.AppStore|x64.Deploy.0 = Release|x64
		{D86CCEB2-30DB-41D8-A66D-E694B2CB0909}.AppStore|x86.ActiveCfg = Release|x86
		{D86CCEB2-30DB-41D8-A66D-E694B2CB0909}.AppStore|x86.Build.0 = Release|x86
		{D86CCEB2-30DB-41D8-A66D-E694B2CB0909}.AppStore|x86.Deploy.0 = Release|x86
		{D86CCEB2-30DB-41D8-A66D-E694B2CB0909}.Debug|Any CPU.ActiveCfg = Debug|Any CPU
		{D86CCEB2-30DB-41D8-A66D-E694B2CB0909}.Debug|Any CPU.Build.0 = Debug|Any CPU
		{D86CCEB2-30DB-41D8-A66D-E694B2CB0909}.Debug|Any CPU.Deploy.0 = Debug|Any CPU
		{D86CCEB2-30DB-41D8-A66D-E694B2CB0909}.Debug|ARM.ActiveCfg = Debug|ARM
		{D86CCEB2-30DB-41D8-A66D-E694B2CB0909}.Debug|ARM.Build.0 = Debug|ARM
		{D86CCEB2-30DB-41D8-A66D-E694B2CB0909}.Debug|ARM.Deploy.0 = Debug|ARM
		{D86CCEB2-30DB-41D8-A66D-E694B2CB0909}.Debug|iPhone.ActiveCfg = Debug|Any CPU
		{D86CCEB2-30DB-41D8-A66D-E694B2CB0909}.Debug|iPhone.Build.0 = Debug|Any CPU
		{D86CCEB2-30DB-41D8-A66D-E694B2CB0909}.Debug|iPhone.Deploy.0 = Debug|Any CPU
		{D86CCEB2-30DB-41D8-A66D-E694B2CB0909}.Debug|iPhoneSimulator.ActiveCfg = Debug|Any CPU
		{D86CCEB2-30DB-41D8-A66D-E694B2CB0909}.Debug|iPhoneSimulator.Build.0 = Debug|Any CPU
		{D86CCEB2-30DB-41D8-A66D-E694B2CB0909}.Debug|iPhoneSimulator.Deploy.0 = Debug|Any CPU
		{D86CCEB2-30DB-41D8-A66D-E694B2CB0909}.Debug|x64.ActiveCfg = Debug|x64
		{D86CCEB2-30DB-41D8-A66D-E694B2CB0909}.Debug|x64.Build.0 = Debug|x64
		{D86CCEB2-30DB-41D8-A66D-E694B2CB0909}.Debug|x64.Deploy.0 = Debug|x64
		{D86CCEB2-30DB-41D8-A66D-E694B2CB0909}.Debug|x86.ActiveCfg = Debug|x86
		{D86CCEB2-30DB-41D8-A66D-E694B2CB0909}.Debug|x86.Build.0 = Debug|x86
		{D86CCEB2-30DB-41D8-A66D-E694B2CB0909}.Debug|x86.Deploy.0 = Debug|x86
		{D86CCEB2-30DB-41D8-A66D-E694B2CB0909}.Release|Any CPU.ActiveCfg = Release|Any CPU
		{D86CCEB2-30DB-41D8-A66D-E694B2CB0909}.Release|Any CPU.Build.0 = Release|Any CPU
		{D86CCEB2-30DB-41D8-A66D-E694B2CB0909}.Release|Any CPU.Deploy.0 = Release|Any CPU
		{D86CCEB2-30DB-41D8-A66D-E694B2CB0909}.Release|ARM.ActiveCfg = Release|ARM
		{D86CCEB2-30DB-41D8-A66D-E694B2CB0909}.Release|ARM.Build.0 = Release|ARM
		{D86CCEB2-30DB-41D8-A66D-E694B2CB0909}.Release|ARM.Deploy.0 = Release|ARM
		{D86CCEB2-30DB-41D8-A66D-E694B2CB0909}.Release|iPhone.ActiveCfg = Release|Any CPU
		{D86CCEB2-30DB-41D8-A66D-E694B2CB0909}.Release|iPhone.Build.0 = Release|Any CPU
		{D86CCEB2-30DB-41D8-A66D-E694B2CB0909}.Release|iPhone.Deploy.0 = Release|Any CPU
		{D86CCEB2-30DB-41D8-A66D-E694B2CB0909}.Release|iPhoneSimulator.ActiveCfg = Release|Any CPU
		{D86CCEB2-30DB-41D8-A66D-E694B2CB0909}.Release|iPhoneSimulator.Build.0 = Release|Any CPU
		{D86CCEB2-30DB-41D8-A66D-E694B2CB0909}.Release|iPhoneSimulator.Deploy.0 = Release|Any CPU
		{D86CCEB2-30DB-41D8-A66D-E694B2CB0909}.Release|x64.ActiveCfg = Release|x64
		{D86CCEB2-30DB-41D8-A66D-E694B2CB0909}.Release|x64.Build.0 = Release|x64
		{D86CCEB2-30DB-41D8-A66D-E694B2CB0909}.Release|x64.Deploy.0 = Release|x64
		{D86CCEB2-30DB-41D8-A66D-E694B2CB0909}.Release|x86.ActiveCfg = Release|x86
		{D86CCEB2-30DB-41D8-A66D-E694B2CB0909}.Release|x86.Build.0 = Release|x86
		{D86CCEB2-30DB-41D8-A66D-E694B2CB0909}.Release|x86.Deploy.0 = Release|x86
	EndGlobalSection
	GlobalSection(SolutionProperties) = preSolution
		HideSolutionNode = FALSE
	EndGlobalSection
EndGlobal
